
Microsoft Visual Studio Solution File, Format Version 12.00
# Visual Studio Version 16
VisualStudioVersion = 16.0.30804.86
MinimumVisualStudioVersion = 10.0.40219.1
Project("{FAE04EC0-301F-11D3-BF4B-00C04F79EFBC}") = "AndcultureCode.CSharp.Sitefinity.Conductors", "src\AndcultureCode.CSharp.Sitefinity.Conductors.csproj", "{CBA4BE60-754D-4BC4-AE6A-2E70DE0B54DD}"
EndProject
Project("{2150E333-8FDC-42A3-9474-1A3956D46DE8}") = "src", "src", "{987B115E-8D51-4553-B693-496EA5013BF5}"
EndProject
Global
	GlobalSection(SolutionConfigurationPlatforms) = preSolution
		Debug|Any CPU = Debug|Any CPU
		Production|Any CPU = Production|Any CPU
		Release|Any CPU = Release|Any CPU
		Staging|Any CPU = Staging|Any CPU
		Testing|Any CPU = Testing|Any CPU
	EndGlobalSection
	GlobalSection(ProjectConfigurationPlatforms) = postSolution
		{CBA4BE60-754D-4BC4-AE6A-2E70DE0B54DD}.Debug|Any CPU.ActiveCfg = Debug|Any CPU
		{CBA4BE60-754D-4BC4-AE6A-2E70DE0B54DD}.Debug|Any CPU.Build.0 = Debug|Any CPU
		{CBA4BE60-754D-4BC4-AE6A-2E70DE0B54DD}.Production|Any CPU.ActiveCfg = Production|Any CPU
		{CBA4BE60-754D-4BC4-AE6A-2E70DE0B54DD}.Production|Any CPU.Build.0 = Production|Any CPU
		{CBA4BE60-754D-4BC4-AE6A-2E70DE0B54DD}.Release|Any CPU.ActiveCfg = Release|Any CPU
		{CBA4BE60-754D-4BC4-AE6A-2E70DE0B54DD}.Release|Any CPU.Build.0 = Release|Any CPU
		{CBA4BE60-754D-4BC4-AE6A-2E70DE0B54DD}.Staging|Any CPU.ActiveCfg = Staging|Any CPU
		{CBA4BE60-754D-4BC4-AE6A-2E70DE0B54DD}.Staging|Any CPU.Build.0 = Staging|Any CPU
		{CBA4BE60-754D-4BC4-AE6A-2E70DE0B54DD}.Testing|Any CPU.ActiveCfg = Testing|Any CPU
		{CBA4BE60-754D-4BC4-AE6A-2E70DE0B54DD}.Testing|Any CPU.Build.0 = Testing|Any CPU
	EndGlobalSection
	GlobalSection(SolutionProperties) = preSolution
		HideSolutionNode = FALSE
	EndGlobalSection
	GlobalSection(NestedProjects) = preSolution
		{CBA4BE60-754D-4BC4-AE6A-2E70DE0B54DD} = {987B115E-8D51-4553-B693-496EA5013BF5}
	EndGlobalSection
	GlobalSection(ExtensibilityGlobals) = postSolution
		SolutionGuid = {02C742F1-9699-429B-8917-512482F48DD2}
	EndGlobalSection
EndGlobal
